
Microsoft Visual Studio Solution File, Format Version 12.00
# Visual Studio 15
VisualStudioVersion = 15.0.26228.4
MinimumVisualStudioVersion = 10.0.40219.1
Project("{2150E333-8FDC-42A3-9474-1A3956D46DE8}") = "Solution Items", "Solution Items", "{0DE63C0D-1DC8-46D8-A87F-5781B5C75178}"
	ProjectSection(SolutionItems) = preProject
		global.json = global.json
	EndProjectSection
EndProject
Project("{9A19103F-16F7-4668-BE54-9A1E7A4F7556}") = "Scaffolder.API", "Scaffolder.API\Scaffolder.API.csproj", "{44BCEA9B-4F44-4550-95FD-B54FEA624886}"
EndProject
Project("{9A19103F-16F7-4668-BE54-9A1E7A4F7556}") = "Scaffolder.UI", "Scaffolder.UI\Scaffolder.UI.csproj", "{ECA207BE-D07E-4306-8EDF-6B1C5ECC7343}"
EndProject
Project("{9A19103F-16F7-4668-BE54-9A1E7A4F7556}") = "Scaffolder.Core", "Scaffolder.Core\Scaffolder.Core.csproj", "{9119DF61-F790-4170-93B5-6440ADB923CC}"
EndProject
Global
	GlobalSection(SolutionConfigurationPlatforms) = preSolution
		Debug|Any CPU = Debug|Any CPU
		Release|Any CPU = Release|Any CPU
	EndGlobalSection
	GlobalSection(ProjectConfigurationPlatforms) = postSolution
		{44BCEA9B-4F44-4550-95FD-B54FEA624886}.Debug|Any CPU.ActiveCfg = Debug|Any CPU
		{44BCEA9B-4F44-4550-95FD-B54FEA624886}.Debug|Any CPU.Build.0 = Debug|Any CPU
		{44BCEA9B-4F44-4550-95FD-B54FEA624886}.Release|Any CPU.ActiveCfg = Release|Any CPU
		{44BCEA9B-4F44-4550-95FD-B54FEA624886}.Release|Any CPU.Build.0 = Release|Any CPU
		{ECA207BE-D07E-4306-8EDF-6B1C5ECC7343}.Debug|Any CPU.ActiveCfg = Debug|Any CPU
		{ECA207BE-D07E-4306-8EDF-6B1C5ECC7343}.Debug|Any CPU.Build.0 = Debug|Any CPU
		{ECA207BE-D07E-4306-8EDF-6B1C5ECC7343}.Release|Any CPU.ActiveCfg = Release|Any CPU
		{ECA207BE-D07E-4306-8EDF-6B1C5ECC7343}.Release|Any CPU.Build.0 = Release|Any CPU
		{9119DF61-F790-4170-93B5-6440ADB923CC}.Debug|Any CPU.ActiveCfg = Debug|Any CPU
		{9119DF61-F790-4170-93B5-6440ADB923CC}.Debug|Any CPU.Build.0 = Debug|Any CPU
		{9119DF61-F790-4170-93B5-6440ADB923CC}.Release|Any CPU.ActiveCfg = Release|Any CPU
		{9119DF61-F790-4170-93B5-6440ADB923CC}.Release|Any CPU.Build.0 = Release|Any CPU
	EndGlobalSection
	GlobalSection(SolutionProperties) = preSolution
		HideSolutionNode = FALSE
	EndGlobalSection
EndGlobal
